Microsoft Visual Studio Solution File, Format Version 12.00
# Visual Studio Version 17
VisualStudioVersion = 17.5.2.0
MinimumVisualStudioVersion = 10.0.40219.1
Project("{2150E333-8FDC-42A3-9474-1A3956D46DE8}") = "agents", "agents", "{B33F7F66-95C7-97AE-2462-F6D15419E3EF}"
EndProject
Project("{FAE04EC0-301F-11D3-BF4B-00C04F79EFBC}") = "AssetAgent", "agents\windows\AssetAgent.csproj", "{F74A3497-F11E-2CE9-5978-F6F621DB1F09}"
EndProject
Global
	GlobalSection(SolutionConfigurationPlatforms) = preSolution
		Debug|Any CPU = Debug|Any CPU
		Release|Any CPU = Release|Any CPU
	EndGlobalSection
	GlobalSection(ProjectConfigurationPlatforms) = postSolution
		{F74A3497-F11E-2CE9-5978-F6F621DB1F09}.Debug|Any CPU.ActiveCfg = Debug|Any CPU
		{F74A3497-F11E-2CE9-5978-F6F621DB1F09}.Debug|Any CPU.Build.0 = Debug|Any CPU
		{F74A3497-F11E-2CE9-5978-F6F621DB1F09}.Release|Any CPU.ActiveCfg = Release|Any CPU
		{F74A3497-F11E-2CE9-5978-F6F621DB1F09}.Release|Any CPU.Build.0 = Release|Any CPU
	EndGlobalSection
	GlobalSection(SolutionProperties) = preSolution
		HideSolutionNode = FALSE
	EndGlobalSection
	GlobalSection(NestedProjects) = preSolution
		{F74A3497-F11E-2CE9-5978-F6F621DB1F09} = {B33F7F66-95C7-97AE-2462-F6D15419E3EF}
	EndGlobalSection
	GlobalSection(ExtensibilityGlobals) = postSolution
		SolutionGuid = {61EAE1F6-6565-4E5A-BE3B-8FCF8A0E289B}
	EndGlobalSection
EndGlobal
